
Microsoft Visual Studio Solution File, Format Version 12.00
# Visual Studio Version 16
VisualStudioVersion = 16.0.34407.143
MinimumVisualStudioVersion = 10.0.40219.1
Project("{FAE04EC0-301F-11D3-BF4B-00C04F79EFBC}") = "StructureAssignment", "StructureAssignment\StructureAssignment.csproj", "{FAD1F7A5-6007-4E23-AD6B-2805FD1A6E63}"
EndProject
Global
	GlobalSection(SolutionConfigurationPlatforms) = preSolution
		Debug|Any CPU = Debug|Any CPU
		Release|Any CPU = Release|Any CPU
	EndGlobalSection
	GlobalSection(ProjectConfigurationPlatforms) = postSolution
		{FAD1F7A5-6007-4E23-AD6B-2805FD1A6E63}.Debug|Any CPU.ActiveCfg = Debug|Any CPU
		{FAD1F7A5-6007-4E23-AD6B-2805FD1A6E63}.Debug|Any CPU.Build.0 = Debug|Any CPU
		{FAD1F7A5-6007-4E23-AD6B-2805FD1A6E63}.Release|Any CPU.ActiveCfg = Release|Any CPU
		{FAD1F7A5-6007-4E23-AD6B-2805FD1A6E63}.Release|Any CPU.Build.0 = Release|Any CPU
	EndGlobalSection
	GlobalSection(SolutionProperties) = preSolution
		HideSolutionNode = FALSE
	EndGlobalSection
	GlobalSection(ExtensibilityGlobals) = postSolution
		SolutionGuid = {5B98EF52-2379-4923-9E01-1609F4498D6F}
	EndGlobalSection
EndGlobal
