
Microsoft Visual Studio Solution File, Format Version 12.00
# Visual Studio Version 16
VisualStudioVersion = 16.0.34407.143
MinimumVisualStudioVersion = 10.0.40219.1
Project("{FAE04EC0-301F-11D3-BF4B-00C04F79EFBC}") = "ArraysAssignment", "ArraysAssignment\ArraysAssignment.csproj", "{21FEE824-601A-4C4A-8712-2F03C4041E4D}"
EndProject
Global
	GlobalSection(SolutionConfigurationPlatforms) = preSolution
		Debug|Any CPU = Debug|Any CPU
		Release|Any CPU = Release|Any CPU
	EndGlobalSection
	GlobalSection(ProjectConfigurationPlatforms) = postSolution
		{21FEE824-601A-4C4A-8712-2F03C4041E4D}.Debug|Any CPU.ActiveCfg = Debug|Any CPU
		{21FEE824-601A-4C4A-8712-2F03C4041E4D}.Debug|Any CPU.Build.0 = Debug|Any CPU
		{21FEE824-601A-4C4A-8712-2F03C4041E4D}.Release|Any CPU.ActiveCfg = Release|Any CPU
		{21FEE824-601A-4C4A-8712-2F03C4041E4D}.Release|Any CPU.Build.0 = Release|Any CPU
	EndGlobalSection
	GlobalSection(SolutionProperties) = preSolution
		HideSolutionNode = FALSE
	EndGlobalSection
	GlobalSection(ExtensibilityGlobals) = postSolution
		SolutionGuid = {ACCE727B-FEFF-4F74-B95E-DC5AF74D79D3}
	EndGlobalSection
EndGlobal
