
Microsoft Visual Studio Solution File, Format Version 12.00
# Visual Studio Version 16
VisualStudioVersion = 16.0.34407.143
MinimumVisualStudioVersion = 10.0.40219.1
Project("{FAE04EC0-301F-11D3-BF4B-00C04F79EFBC}") = "ClassExerciseManipulate", "ClassExerciseManipulate\ClassExerciseManipulate.csproj", "{9AD96112-DD83-4FAF-A594-E2D3E12E894B}"
EndProject
Global
	GlobalSection(SolutionConfigurationPlatforms) = preSolution
		Debug|Any CPU = Debug|Any CPU
		Release|Any CPU = Release|Any CPU
	EndGlobalSection
	GlobalSection(ProjectConfigurationPlatforms) = postSolution
		{9AD96112-DD83-4FAF-A594-E2D3E12E894B}.Debug|Any CPU.ActiveCfg = Debug|Any CPU
		{9AD96112-DD83-4FAF-A594-E2D3E12E894B}.Debug|Any CPU.Build.0 = Debug|Any CPU
		{9AD96112-DD83-4FAF-A594-E2D3E12E894B}.Release|Any CPU.ActiveCfg = Release|Any CPU
		{9AD96112-DD83-4FAF-A594-E2D3E12E894B}.Release|Any CPU.Build.0 = Release|Any CPU
	EndGlobalSection
	GlobalSection(SolutionProperties) = preSolution
		HideSolutionNode = FALSE
	EndGlobalSection
	GlobalSection(ExtensibilityGlobals) = postSolution
		SolutionGuid = {F6019418-7D91-448F-B4C4-F8D0C975BC89}
	EndGlobalSection
EndGlobal
