
Microsoft Visual Studio Solution File, Format Version 12.00
# Visual Studio Version 16
VisualStudioVersion = 16.0.34407.143
MinimumVisualStudioVersion = 10.0.40219.1
Project("{FAE04EC0-301F-11D3-BF4B-00C04F79EFBC}") = "OperatorOverloadAssignment", "OperatorOverloadAssignment\OperatorOverloadAssignment.csproj", "{D24F8434-AB35-4235-9680-585CDA6E72C3}"
EndProject
Global
	GlobalSection(SolutionConfigurationPlatforms) = preSolution
		Debug|Any CPU = Debug|Any CPU
		Release|Any CPU = Release|Any CPU
	EndGlobalSection
	GlobalSection(ProjectConfigurationPlatforms) = postSolution
		{D24F8434-AB35-4235-9680-585CDA6E72C3}.Debug|Any CPU.ActiveCfg = Debug|Any CPU
		{D24F8434-AB35-4235-9680-585CDA6E72C3}.Debug|Any CPU.Build.0 = Debug|Any CPU
		{D24F8434-AB35-4235-9680-585CDA6E72C3}.Release|Any CPU.ActiveCfg = Release|Any CPU
		{D24F8434-AB35-4235-9680-585CDA6E72C3}.Release|Any CPU.Build.0 = Release|Any CPU
	EndGlobalSection
	GlobalSection(SolutionProperties) = preSolution
		HideSolutionNode = FALSE
	EndGlobalSection
	GlobalSection(ExtensibilityGlobals) = postSolution
		SolutionGuid = {4EC935EB-6A80-4B39-A031-DC84C8CFCD56}
	EndGlobalSection
EndGlobal
