
Microsoft Visual Studio Solution File, Format Version 12.00
# Visual Studio Version 16
VisualStudioVersion = 16.0.34407.143
MinimumVisualStudioVersion = 10.0.40219.1
Project("{FAE04EC0-301F-11D3-BF4B-00C04F79EFBC}") = "MathExercises", "MathExercises\MathExercises.csproj", "{7D23A669-5448-4E99-BB15-3B375227D6CF}"
EndProject
Global
	GlobalSection(SolutionConfigurationPlatforms) = preSolution
		Debug|Any CPU = Debug|Any CPU
		Release|Any CPU = Release|Any CPU
	EndGlobalSection
	GlobalSection(ProjectConfigurationPlatforms) = postSolution
		{7D23A669-5448-4E99-BB15-3B375227D6CF}.Debug|Any CPU.ActiveCfg = Debug|Any CPU
		{7D23A669-5448-4E99-BB15-3B375227D6CF}.Debug|Any CPU.Build.0 = Debug|Any CPU
		{7D23A669-5448-4E99-BB15-3B375227D6CF}.Release|Any CPU.ActiveCfg = Release|Any CPU
		{7D23A669-5448-4E99-BB15-3B375227D6CF}.Release|Any CPU.Build.0 = Release|Any CPU
	EndGlobalSection
	GlobalSection(SolutionProperties) = preSolution
		HideSolutionNode = FALSE
	EndGlobalSection
	GlobalSection(ExtensibilityGlobals) = postSolution
		SolutionGuid = {DE321758-FD75-4D0D-8273-EC55C8E84380}
	EndGlobalSection
EndGlobal
