
Microsoft Visual Studio Solution File, Format Version 12.00
# Visual Studio Version 16
VisualStudioVersion = 16.0.34407.143
MinimumVisualStudioVersion = 10.0.40219.1
Project("{FAE04EC0-301F-11D3-BF4B-00C04F79EFBC}") = "VariablesAndDataTypes", "VariablesAndDataTypes\VariablesAndDataTypes.csproj", "{10289BBB-F497-4744-8F52-893897A241A3}"
EndProject
Global
	GlobalSection(SolutionConfigurationPlatforms) = preSolution
		Debug|Any CPU = Debug|Any CPU
		Release|Any CPU = Release|Any CPU
	EndGlobalSection
	GlobalSection(ProjectConfigurationPlatforms) = postSolution
		{10289BBB-F497-4744-8F52-893897A241A3}.Debug|Any CPU.ActiveCfg = Debug|Any CPU
		{10289BBB-F497-4744-8F52-893897A241A3}.Debug|Any CPU.Build.0 = Debug|Any CPU
		{10289BBB-F497-4744-8F52-893897A241A3}.Release|Any CPU.ActiveCfg = Release|Any CPU
		{10289BBB-F497-4744-8F52-893897A241A3}.Release|Any CPU.Build.0 = Release|Any CPU
	EndGlobalSection
	GlobalSection(SolutionProperties) = preSolution
		HideSolutionNode = FALSE
	EndGlobalSection
	GlobalSection(ExtensibilityGlobals) = postSolution
		SolutionGuid = {C4DA9DBD-CCD2-4D07-AB1A-02B5CAC621F8}
	EndGlobalSection
EndGlobal
