
Microsoft Visual Studio Solution File, Format Version 12.00
# Visual Studio Version 16
VisualStudioVersion = 16.0.34407.143
MinimumVisualStudioVersion = 10.0.40219.1
Project("{FAE04EC0-301F-11D3-BF4B-00C04F79EFBC}") = "PolymorpismAssignment", "PolymorpismAssignment\PolymorpismAssignment.csproj", "{0C31427C-C0CB-4CE5-93CD-F776448B318A}"
EndProject
Global
	GlobalSection(SolutionConfigurationPlatforms) = preSolution
		Debug|Any CPU = Debug|Any CPU
		Release|Any CPU = Release|Any CPU
	EndGlobalSection
	GlobalSection(ProjectConfigurationPlatforms) = postSolution
		{0C31427C-C0CB-4CE5-93CD-F776448B318A}.Debug|Any CPU.ActiveCfg = Debug|Any CPU
		{0C31427C-C0CB-4CE5-93CD-F776448B318A}.Debug|Any CPU.Build.0 = Debug|Any CPU
		{0C31427C-C0CB-4CE5-93CD-F776448B318A}.Release|Any CPU.ActiveCfg = Release|Any CPU
		{0C31427C-C0CB-4CE5-93CD-F776448B318A}.Release|Any CPU.Build.0 = Release|Any CPU
	EndGlobalSection
	GlobalSection(SolutionProperties) = preSolution
		HideSolutionNode = FALSE
	EndGlobalSection
	GlobalSection(ExtensibilityGlobals) = postSolution
		SolutionGuid = {915EBD70-8C95-4239-BC63-3E5B8F66D873}
	EndGlobalSection
EndGlobal
