
Microsoft Visual Studio Solution File, Format Version 12.00
# Visual Studio Version 16
VisualStudioVersion = 16.0.34407.143
MinimumVisualStudioVersion = 10.0.40219.1
Project("{FAE04EC0-301F-11D3-BF4B-00C04F79EFBC}") = "DailyReportTheTechAcademy", "DailyReportTheTechAcademy\DailyReportTheTechAcademy.csproj", "{1733534B-AC3C-4D2B-AB60-4A2710717DF9}"
EndProject
Global
	GlobalSection(SolutionConfigurationPlatforms) = preSolution
		Debug|Any CPU = Debug|Any CPU
		Release|Any CPU = Release|Any CPU
	EndGlobalSection
	GlobalSection(ProjectConfigurationPlatforms) = postSolution
		{1733534B-AC3C-4D2B-AB60-4A2710717DF9}.Debug|Any CPU.ActiveCfg = Debug|Any CPU
		{1733534B-AC3C-4D2B-AB60-4A2710717DF9}.Debug|Any CPU.Build.0 = Debug|Any CPU
		{1733534B-AC3C-4D2B-AB60-4A2710717DF9}.Release|Any CPU.ActiveCfg = Release|Any CPU
		{1733534B-AC3C-4D2B-AB60-4A2710717DF9}.Release|Any CPU.Build.0 = Release|Any CPU
	EndGlobalSection
	GlobalSection(SolutionProperties) = preSolution
		HideSolutionNode = FALSE
	EndGlobalSection
	GlobalSection(ExtensibilityGlobals) = postSolution
		SolutionGuid = {72E91710-D73D-49A8-ADCF-D355AA0B8482}
	EndGlobalSection
EndGlobal
